
Microsoft Visual Studio Solution File, Format Version 12.00
# Visual Studio Version 17
VisualStudioVersion = 17.14.37111.16
MinimumVisualStudioVersion = 10.0.40219.1
Project("{FAE04EC0-301F-11D3-BF4B-00C04F79EFBC}") = "StudentsCRUD.Domain", "StudentsCRUD.Domain\StudentsCRUD.Domain.csproj", "{C1D23EFD-0B8F-425A-B598-543CF4C3FB42}"
EndProject
Project("{FAE04EC0-301F-11D3-BF4B-00C04F79EFBC}") = "StudentsCRUD.Application", "StudentsCRUD.Application\StudentsCRUD.Application.csproj", "{67473CC5-41C8-4397-99A8-4438569ADEA6}"
EndProject
Project("{FAE04EC0-301F-11D3-BF4B-00C04F79EFBC}") = "StudentsCRUD.Infrastructure", "StudentsCRUD.Infrastructure\StudentsCRUD.Infrastructure.csproj", "{37E841BF-8F06-498C-A6C8-4CD76319C84A}"
EndProject
Project("{FAE04EC0-301F-11D3-BF4B-00C04F79EFBC}") = "StudentsCRUD.API2", "StudentsCRUD.API2\StudentsCRUD.API2.csproj", "{33052665-89C2-4E91-B16E-171062B8F751}"
EndProject
Global
	GlobalSection(SolutionConfigurationPlatforms) = preSolution
		Debug|Any CPU = Debug|Any CPU
		Release|Any CPU = Release|Any CPU
	EndGlobalSection
	GlobalSection(ProjectConfigurationPlatforms) = postSolution
		{C1D23EFD-0B8F-425A-B598-543CF4C3FB42}.Debug|Any CPU.ActiveCfg = Debug|Any CPU
		{C1D23EFD-0B8F-425A-B598-543CF4C3FB42}.Debug|Any CPU.Build.0 = Debug|Any CPU
		{C1D23EFD-0B8F-425A-B598-543CF4C3FB42}.Release|Any CPU.ActiveCfg = Release|Any CPU
		{C1D23EFD-0B8F-425A-B598-543CF4C3FB42}.Release|Any CPU.Build.0 = Release|Any CPU
		{67473CC5-41C8-4397-99A8-4438569ADEA6}.Debug|Any CPU.ActiveCfg = Debug|Any CPU
		{67473CC5-41C8-4397-99A8-4438569ADEA6}.Debug|Any CPU.Build.0 = Debug|Any CPU
		{67473CC5-41C8-4397-99A8-4438569ADEA6}.Release|Any CPU.ActiveCfg = Release|Any CPU
		{67473CC5-41C8-4397-99A8-4438569ADEA6}.Release|Any CPU.Build.0 = Release|Any CPU
		{37E841BF-8F06-498C-A6C8-4CD76319C84A}.Debug|Any CPU.ActiveCfg = Debug|Any CPU
		{37E841BF-8F06-498C-A6C8-4CD76319C84A}.Debug|Any CPU.Build.0 = Debug|Any CPU
		{37E841BF-8F06-498C-A6C8-4CD76319C84A}.Release|Any CPU.ActiveCfg = Release|Any CPU
		{37E841BF-8F06-498C-A6C8-4CD76319C84A}.Release|Any CPU.Build.0 = Release|Any CPU
		{33052665-89C2-4E91-B16E-171062B8F751}.Debug|Any CPU.ActiveCfg = Debug|Any CPU
		{33052665-89C2-4E91-B16E-171062B8F751}.Debug|Any CPU.Build.0 = Debug|Any CPU
		{33052665-89C2-4E91-B16E-171062B8F751}.Release|Any CPU.ActiveCfg = Release|Any CPU
		{33052665-89C2-4E91-B16E-171062B8F751}.Release|Any CPU.Build.0 = Release|Any CPU
	EndGlobalSection
	GlobalSection(SolutionProperties) = preSolution
		HideSolutionNode = FALSE
	EndGlobalSection
	GlobalSection(ExtensibilityGlobals) = postSolution
		SolutionGuid = {BDF4EF91-38BF-4453-BB18-DA51CE9E1E3F}
	EndGlobalSection
EndGlobal
